// !$*UTF8*$!
{
	archiveVersion = 1;
	classes = {
	};
	objectVersion = 46;
	objects = {

/* Begin PBXBuildFile section */
		11740EA11E941C1F008CF6BC /* AppDelegate.swift in Sources */ = {isa = PBXBuildFile; fileRef = 11740EA01E941C1F008CF6BC /* AppDelegate.swift */; };
		11740EA31E941C1F008CF6BC /* ViewController.swift in Sources */ = {isa = PBXBuildFile; fileRef = 11740EA21E941C1F008CF6BC /* ViewController.swift */; };
		11740EA61E941C1F008CF6BC /* Main.storyboard in Resources */ = {isa = PBXBuildFile; fileRef = 11740EA41E941C1F008CF6BC /* Main.storyboard */; };
		11740EA91E941C1F008CF6BC /* wishListApp.xcdatamodeld in Sources */ = {isa = PBXBuildFile; fileRef = 11740EA71E941C1F008CF6BC /* wishListApp.xcdatamodeld */; };
		11740EAB1E941C1F008CF6BC /* Assets.xcassets in Resources */ = {isa = PBXBuildFile; fileRef = 11740EAA1E941C1F008CF6BC /* Assets.xcassets */; };
		11740EAE1E941C1F008CF6BC /* LaunchScreen.storyboard in Resources */ = {isa = PBXBuildFile; fileRef = 11740EAC1E941C1F008CF6BC /* LaunchScreen.storyboard */; };
		11740EB71E942313008CF6BC /* Item+CoreDataClass.swift in Sources */ = {isa = PBXBuildFile; fileRef = 11740EB51E942313008CF6BC /* Item+CoreDataClass.swift */; };
		11740EB81E942313008CF6BC /* Item+CoreDataProperties.swift in Sources */ = {isa = PBXBuildFile; fileRef = 11740EB61E942313008CF6BC /* Item+CoreDataProperties.swift */; };
/* End PBXBuildFile section */

/* Begin PBXFileReference section */
		11740E9D1E941C1F008CF6BC /* wishListApp.app */ = {isa = PBXFileReference; explicitFileType = wrapper.application; includeInIndex = 0; path = wishListApp.app; sourceTree = BUILT_PRODUCTS_DIR; };
		11740EA01E941C1F008CF6BC /* AppDelegate.swift */ = {isa = PBXFileReference; lastKnownFileType = sourcecode.swift; path = AppDelegate.swift; sourceTree = "<group>"; };
		11740EA21E941C1F008CF6BC /* ViewController.swift */ = {isa = PBXFileReference; lastKnownFileType = sourcecode.swift; path = ViewController.swift; sourceTree = "<group>"; };
		11740EA51E941C1F008CF6BC /* Base */ = {isa = PBXFileReference; lastKnownFileType = file.storyboard; name = Base; path = Base.lproj/Main.storyboard; sourceTree = "<group>"; };
		11740EA81E941C1F008CF6BC /* wishListApp.xcdatamodel */ = {isa = PBXFileReference; lastKnownFileType = wrapper.xcdatamodel; path = wishListApp.xcdatamodel; sourceTree = "<group>"; };
		11740EAA1E941C1F008CF6BC /* Assets.xcassets */ = {isa = PBXFileReference; lastKnownFileType = folder.assetcatalog; path = Assets.xcassets; sourceTree = "<group>"; };
		11740EAD1E941C1F008CF6BC /* Base */ = {isa = PBXFileReference; lastKnownFileType = file.storyboard; name = Base; path = Base.lproj/LaunchScreen.storyboard; sourceTree = "<group>"; };
		11740EAF1E941C1F008CF6BC /* Info.plist */ = {isa = PBXFileReference; lastKnownFileType = text.plist.xml; path = Info.plist; sourceTree = "<group>"; };
		11740EB51E942313008CF6BC /* Item+CoreDataClass.swift */ = {isa = PBXFileReference; fileEncoding = 4; lastKnownFileType = sourcecode.swift; path = "Item+CoreDataClass.swift"; sourceTree = "<group>"; };
		11740EB61E942313008CF6BC /* Item+CoreDataProperties.swift */ = {isa = PBXFileReference; fileEncoding = 4; lastKnownFileType = sourcecode.swift; name = "Item+CoreDataProperties.swift"; path = "wishListApp/Item+CoreDataProperties.swift"; sourceTree = "<group>"; };
/* End PBXFileReference section */

/* Begin PBXFrameworksBuildPhase section */
		11740E9A1E941C1F008CF6BC /* Frameworks */ = {
			isa = PBXFrameworksBuildPhase;
			buildActionMask = 2147483647;
			files = (
			);
			runOnlyForDeploymentPostprocessing = 0;
		};
/* End PBXFrameworksBuildPhase section */

/* Begin PBXGroup section */
		11740E941E941C1F008CF6BC = {
			isa = PBXGroup;
			children = (
				11740E9F1E941C1F008CF6BC /* wishListApp */,
				11740E9E1E941C1F008CF6BC /* Products */,
			);
			sourceTree = "<group>";
		};
		11740E9E1E941C1F008CF6BC /* Products */ = {
			isa = PBXGroup;
			children = (
				11740E9D1E941C1F008CF6BC /* wishListApp.app */,
			);
			name = Products;
			sourceTree = "<group>";
		};
		11740E9F1E941C1F008CF6BC /* wishListApp */ = {
			isa = PBXGroup;
			children = (
				11740EBA1E942342008CF6BC /* Generated */,
				11740EB91E942325008CF6BC /* Model */,
				11740EA01E941C1F008CF6BC /* AppDelegate.swift */,
				11740EA21E941C1F008CF6BC /* ViewController.swift */,
				11740EA41E941C1F008CF6BC /* Main.storyboard */,
				11740EAA1E941C1F008CF6BC /* Assets.xcassets */,
				11740EAC1E941C1F008CF6BC /* LaunchScreen.storyboard */,
				11740EAF1E941C1F008CF6BC /* Info.plist */,
				11740EA71E941C1F008CF6BC /* wishListApp.xcdatamodeld */,
			);
			path = wishListApp;
			sourceTree = "<group>";
		};
		11740EB91E942325008CF6BC /* Model */ = {
			isa = PBXGroup;
			children = (
				11740EB51E942313008CF6BC /* Item+CoreDataClass.swift */,
			);
			name = Model;
			sourceTree = "<group>";
		};
		11740EBA1E942342008CF6BC /* Generated */ = {
			isa = PBXGroup;
			children = (
				11740EB61E942313008CF6BC /* Item+CoreDataProperties.swift */,
			);
			name = Generated;
			path = ..;
			sourceTree = "<group>";
		};
/* End PBXGroup section */

/* Begin PBXNativeTarget section */
		11740E9C1E941C1F008CF6BC /* wishListApp */ = {
			isa = PBXNativeTarget;
			buildConfigurationList = 11740EB21E941C1F008CF6BC /* Build configuration list for PBXNativeTarget "wishListApp" */;
			buildPhases = (
				11740E991E941C1F008CF6BC /* Sources */,
				11740E9A1E941C1F008CF6BC /* Frameworks */,
				11740E9B1E941C1F008CF6BC /* Resources */,
			);
			buildRules = (
			);
			dependencies = (
			);
			name = wishListApp;
			productName = wishListApp;
			productReference = 11740E9D1E941C1F008CF6BC /* wishListApp.app */;
			productType = "com.apple.product-type.application";
		};
/* End PBXNativeTarget section */

/* Begin PBXProject section */
		11740E951E941C1F008CF6BC /* Project object */ = {
			isa = PBXProject;
			attributes = {
				LastSwiftUpdateCheck = 0820;
				LastUpgradeCheck = 0820;
				ORGANIZATIONNAME = Szi;
				TargetAttributes = {
					11740E9C1E941C1F008CF6BC = {
						CreatedOnToolsVersion = 8.2.1;
						DevelopmentTeam = DASLK2R355;
						ProvisioningStyle = Automatic;
					};
				};
			};
			buildConfigurationList = 11740E981E941C1F008CF6BC /* Build configuration list for PBXProject "wishListApp" */;
			compatibilityVersion = "Xcode 3.2";
			developmentRegion = English;
			hasScannedForEncodings = 0;
			knownRegions = (
				en,
				Base,
			);
			mainGroup = 11740E941E941C1F008CF6BC;
			productRefGroup = 11740E9E1E941C1F008CF6BC /* Products */;
			projectDirPath = "";
			projectRoot = "";
			targets = (
				11740E9C1E941C1F008CF6BC /* wishListApp */,
			);
		};
/* End PBXProject section */

/* Begin PBXResourcesBuildPhase section */
		11740E9B1E941C1F008CF6BC /* Resources */ = {
			isa = PBXResourcesBuildPhase;
			buildActionMask = 2147483647;
			files = (
				11740EAE1E941C1F008CF6BC /* LaunchScreen.storyboard in Resources */,
				11740EAB1E941C1F008CF6BC /* Assets.xcassets in Resources */,
				11740EA61E941C1F008CF6BC /* Main.storyboard in Resources */,
			);
			runOnlyForDeploymentPostprocessing = 0;
		};
/* End PBXResourcesBuildPhase section */

/* Begin PBXSourcesBuildPhase section */
		11740E991E941C1F008CF6BC /* Sources */ = {
			isa = PBXSourcesBuildPhase;
			buildActionMask = 2147483647;
			files = (
				11740EA31E941C1F008CF6BC /* ViewController.swift in Sources */,
				11740EA11E941C1F008CF6BC /* AppDelegate.swift in Sources */,
				11740EB71E942313008CF6BC /* Item+CoreDataClass.swift in Sources */,
				11740EA91E941C1F008CF6BC /* wishListApp.xcdatamodeld in Sources */,
				11740EB81E942313008CF6BC /* Item+CoreDataProperties.swift in Sources */,
			);
			runOnlyForDeploymentPostprocessing = 0;
		};
/* End PBXSourcesBuildPhase section */

/* Begin PBXVariantGroup section */
		11740EA41E941C1F008CF6BC /* Main.storyboard */ = {
			isa = PBXVariantGroup;
			children = (
				11740EA51E941C1F008CF6BC /* Base */,
			);
			name = Main.storyboard;
			sourceTree = "<group>";
		};
		11740EAC1E941C1F008CF6BC /* LaunchScreen.storyboard */ = {
			isa = PBXVariantGroup;
			children = (
				11740EAD1E941C1F008CF6BC /* Base */,
			);
			name = LaunchScreen.storyboard;
			sourceTree = "<group>";
		};
/* End PBXVariantGroup section */

/* Begin XCBuildConfiguration section */
		11740EB01E941C1F008CF6BC /* Debug */ = {
			isa = XCBuildConfiguration;
			buildSettings = {
				ALWAYS_SEARCH_USER_PATHS = NO;
				CLANG_ANALYZER_NONNULL = YES;
				CLANG_CXX_LANGUAGE_STANDARD = "gnu++0x";
				CLANG_CXX_LIBRARY = "libc++";
				CLANG_ENABLE_MODULES = YES;
				CLANG_ENABLE_OBJC_ARC = YES;
				CLANG_WARN_BOOL_CONVERSION = YES;
				CLANG_WARN_CONSTANT_CONVERSION = YES;
				CLANG_WARN_DIRECT_OBJC_ISA_USAGE = YES_ERROR;
				CLANG_WARN_DOCUMENTATION_COMMENTS = YES;
				CLANG_WARN_EMPTY_BODY = YES;
				CLANG_WARN_ENUM_CONVERSION = YES;
				CLANG_WARN_INFINITE_RECURSION = YES;
				CLANG_WARN_INT_CONVERSION = YES;
				CLANG_WARN_OBJC_ROOT_CLASS = YES_ERROR;
				CLANG_WARN_SUSPICIOUS_MOVE = YES;
				CLANG_WARN_UNREACHABLE_CODE = YES;
				CLANG_WARN__DUPLICATE_METHOD_MATCH = YES;
				"CODE_SIGN_IDENTITY[sdk=iphoneos*]" = "iPhone Developer";
				COPY_PHASE_STRIP = NO;
				DEBUG_INFORMATION_FORMAT = dwarf;
				ENABLE_STRICT_OBJC_MSGSEND = YES;
				ENABLE_TESTABILITY = YES;
				GCC_C_LANGUAGE_STANDARD = gnu99;
				GCC_DYNAMIC_NO_PIC = NO;
				GCC_NO_COMMON_BLOCKS = YES;
				GCC_OPTIMIZATION_LEVEL = 0;
				GCC_PREPROCESSOR_DEFINITIONS = (
					"DEBUG=1",
					"$(inherited)",
				);
				GCC_WARN_64_TO_32_BIT_CONVERSION = YES;
				GCC_WARN_ABOUT_RETURN_TYPE = YES_ERROR;
				GCC_WARN_UNDECLARED_SELECTOR = YES;
				GCC_WARN_UNINITIALIZED_AUTOS = YES_AGGRESSIVE;
				GCC_WARN_UNUSED_FUNCTION = YES;
				GCC_WARN_UNUSED_VARIABLE = YES;
				IPHONEOS_DEPLOYMENT_TARGET = 10.2;
				MTL_ENABLE_DEBUG_INFO = YES;
				ONLY_ACTIVE_ARCH = YES;
				SDKROOT = iphoneos;
				SWIFT_ACTIVE_COMPILATION_CONDITIONS = DEBUG;
				SWIFT_OPTIMIZATION_LEVEL = "-Onone";
			};
			name = Debug;
		};
		11740EB11E941C1F008CF6BC /* Release */ = {
			isa = XCBuildConfiguration;
			buildSettings = {
				ALWAYS_SEARCH_USER_PATHS = NO;
				CLANG_ANALYZER_NONNULL = YES;
				CLANG_CXX_LANGUAGE_STANDARD = "gnu++0x";
				CLANG_CXX_LIBRARY = "libc++";
				CLANG_ENABLE_MODULES = YES;
				CLANG_ENABLE_OBJC_ARC = YES;
				CLANG_WARN_BOOL_CONVERSION = YES;
				CLANG_WARN_CONSTANT_CONVERSION = YES;
				CLANG_WARN_DIRECT_OBJC_ISA_USAGE = YES_ERROR;
				CLANG_WARN_DOCUMENTATION_COMMENTS = YES;
				CLANG_WARN_EMPTY_BODY = YES;
				CLANG_WARN_ENUM_CONVERSION = YES;
				CLANG_WARN_INFINITE_RECURSION = YES;
				CLANG_WARN_INT_CONVERSION = YES;
				CLANG_WARN_OBJC_ROOT_CLASS = YES_ERROR;
				CLANG_WARN_SUSPICIOUS_MOVE = YES;
				CLANG_WARN_UNREACHABLE_CODE = YES;
				CLANG_WARN__DUPLICATE_METHOD_MATCH = YES;
				"CODE_SIGN_IDENTITY[sdk=iphoneos*]" = "iPhone Developer";
				COPY_PHASE_STRIP = NO;
				DEBUG_INFORMATION_FORMAT = "dwarf-with-dsym";
				ENABLE_NS_ASSERTIONS = NO;
				ENABLE_STRICT_OBJC_MSGSEND = YES;
				GCC_C_LANGUAGE_STANDARD = gnu99;
				GCC_NO_COMMON_BLOCKS = YES;
				GCC_WARN_64_TO_32_BIT_CONVERSION = YES;
				GCC_WARN_ABOUT_RETURN_TYPE = YES_ERROR;
				GCC_WARN_UNDECLARED_SELECTOR = YES;
				GCC_WARN_UNINITIALIZED_AUTOS = YES_AGGRESSIVE;
				GCC_WARN_UNUSED_FUNCTION = YES;
				GCC_WARN_UNUSED_VARIABLE = YES;
				IPHONEOS_DEPLOYMENT_TARGET = 10.2;
				MTL_ENABLE_DEBUG_INFO = NO;
				SDKROOT = iphoneos;
				SWIFT_OPTIMIZATION_LEVEL = "-Owholemodule";
				VALIDATE_PRODUCT = YES;
			};
			name = Release;
		};
		11740EB31E941C1F008CF6BC /* Debug */ = {
			isa = XCBuildConfiguration;
			buildSettings = {
				ASSETCATALOG_COMPILER_APPICON_NAME = AppIcon;
				DEVELOPMENT_TEAM = DASLK2R355;
				INFOPLIST_FILE = wishListApp/Info.plist;
				LD_RUNPATH_SEARCH_PATHS = "$(inherited) @executable_path/Frameworks";
				PRODUCT_BUNDLE_IDENTIFIER = com.Szi.wishListApp;
				PRODUCT_NAME = "$(TARGET_NAME)";
				SWIFT_VERSION = 3.0;
			};
			name = Debug;
		};
		11740EB41E941C1F008CF6BC /* Release */ = {
			isa = XCBuildConfiguration;
			buildSettings = {
				ASSETCATALOG_COMPILER_APPICON_NAME = AppIcon;
				DEVELOPMENT_TEAM = DASLK2R355;
				INFOPLIST_FILE = wishListApp/Info.plist;
				LD_RUNPATH_SEARCH_PATHS = "$(inherited) @executable_path/Frameworks";
				PRODUCT_BUNDLE_IDENTIFIER = com.Szi.wishListApp;
				PRODUCT_NAME = "$(TARGET_NAME)";
				SWIFT_VERSION = 3.0;
			};
			name = Release;
		};
/* End XCBuildConfiguration section */

/* Begin XCConfigurationList section */
		11740E981E941C1F008CF6BC /* Build configuration list for PBXProject "wishListApp" */ = {
			isa = XCConfigurationList;
			buildConfigurations = (
				11740EB01E941C1F008CF6BC /* Debug */,
				11740EB11E941C1F008CF6BC /* Release */,
			);
			defaultConfigurationIsVisible = 0;
			defaultConfigurationName = Release;
		};
		11740EB21E941C1F008CF6BC /* Build configuration list for PBXNativeTarget "wishListApp" */ = {
			isa = XCConfigurationList;
			buildConfigurations = (
				11740EB31E941C1F008CF6BC /* Debug */,
				11740EB41E941C1F008CF6BC /* Release */,
			);
			defaultConfigurationIsVisible = 0;
		};
/* End XCConfigurationList section */

/* Begin XCVersionGroup section */
		11740EA71E941C1F008CF6BC /* wishListApp.xcdatamodeld */ = {
			isa = XCVersionGroup;
			children = (
				11740EA81E941C1F008CF6BC /* wishListApp.xcdatamodel */,
			);
			currentVersion = 11740EA81E941C1F008CF6BC /* wishListApp.xcdatamodel */;
			path = wishListApp.xcdatamodeld;
			sourceTree = "<group>";
			versionGroupType = wrapper.xcdatamodel;
		};
/* End XCVersionGroup section */
	};
	rootObject = 11740E951E941C1F008CF6BC /* Project object */;
}
